
Microsoft Visual Studio Solution File, Format Version 12.00
# Visual Studio 2012
Project("{888888A0-9F3D-457C-B088-3A5042F75D52}") = "ponypackchangelog", "ponypackchangelog\ponypackchangelog.pyproj", "{85A2FD4D-51AF-4938-A43B-95B0BE2AACFC}"
EndProject
Global
	GlobalSection(SolutionConfigurationPlatforms) = preSolution
		Debug|Any CPU = Debug|Any CPU
		Release|Any CPU = Release|Any CPU
	EndGlobalSection
	GlobalSection(ProjectConfigurationPlatforms) = postSolution
		{85A2FD4D-51AF-4938-A43B-95B0BE2AACFC}.Debug|Any CPU.ActiveCfg = Debug|Any CPU
		{85A2FD4D-51AF-4938-A43B-95B0BE2AACFC}.Debug|Any CPU.Build.0 = Debug|Any CPU
		{85A2FD4D-51AF-4938-A43B-95B0BE2AACFC}.Release|Any CPU.ActiveCfg = Release|Any CPU
		{85A2FD4D-51AF-4938-A43B-95B0BE2AACFC}.Release|Any CPU.Build.0 = Release|Any CPU
	EndGlobalSection
	GlobalSection(SolutionProperties) = preSolution
		HideSolutionNode = FALSE
	EndGlobalSection
EndGlobal
